// !$*UTF8*$!
{
	archiveVersion = 1;
	classes = {
	};
	objectVersion = 46;
	objects = {

/* Begin PBXBuildFile section */
		1A06280D34B071F3522DAA20 /* Pods_RxSwift_Sample2.framework in Frameworks */ = {isa = PBXBuildFile; fileRef = 5E1E8A7147C901EFF3EB13A5 /* Pods_RxSwift_Sample2.framework */; };
		A229CB371F51D79900D51C1B /* AppDelegate.swift in Sources */ = {isa = PBXBuildFile; fileRef = A229CB361F51D79900D51C1B /* AppDelegate.swift */; };
		A229CB391F51D79900D51C1B /* ViewController.swift in Sources */ = {isa = PBXBuildFile; fileRef = A229CB381F51D79900D51C1B /* ViewController.swift */; };
		A229CB3C1F51D79900D51C1B /* Main.storyboard in Resources */ = {isa = PBXBuildFile; fileRef = A229CB3A1F51D79900D51C1B /* Main.storyboard */; };
		A229CB3E1F51D79900D51C1B /* Assets.xcassets in Resources */ = {isa = PBXBuildFile; fileRef = A229CB3D1F51D79900D51C1B /* Assets.xcassets */; };
		A229CB411F51D79900D51C1B /* LaunchScreen.storyboard in Resources */ = {isa = PBXBuildFile; fileRef = A229CB3F1F51D79900D51C1B /* LaunchScreen.storyboard */; };
/* End PBXBuildFile section */

/* Begin PBXFileReference section */
		5E1E8A7147C901EFF3EB13A5 /* Pods_RxSwift_Sample2.framework */ = {isa = PBXFileReference; explicitFileType = wrapper.framework; includeInIndex = 0; path = Pods_RxSwift_Sample2.framework; sourceTree = BUILT_PRODUCTS_DIR; };
		A229CB331F51D79900D51C1B /* RxSwift_Sample2.app */ = {isa = PBXFileReference; explicitFileType = wrapper.application; includeInIndex = 0; path = RxSwift_Sample2.app; sourceTree = BUILT_PRODUCTS_DIR; };
		A229CB361F51D79900D51C1B /* AppDelegate.swift */ = {isa = PBXFileReference; lastKnownFileType = sourcecode.swift; path = AppDelegate.swift; sourceTree = "<group>"; };
		A229CB381F51D79900D51C1B /* ViewController.swift */ = {isa = PBXFileReference; lastKnownFileType = sourcecode.swift; path = ViewController.swift; sourceTree = "<group>"; };
		A229CB3B1F51D79900D51C1B /* Base */ = {isa = PBXFileReference; lastKnownFileType = file.storyboard; name = Base; path = Base.lproj/Main.storyboard; sourceTree = "<group>"; };
		A229CB3D1F51D79900D51C1B /* Assets.xcassets */ = {isa = PBXFileReference; lastKnownFileType = folder.assetcatalog; path = Assets.xcassets; sourceTree = "<group>"; };
		A229CB401F51D79900D51C1B /* Base */ = {isa = PBXFileReference; lastKnownFileType = file.storyboard; name = Base; path = Base.lproj/LaunchScreen.storyboard; sourceTree = "<group>"; };
		A229CB421F51D79900D51C1B /* Info.plist */ = {isa = PBXFileReference; lastKnownFileType = text.plist.xml; path = Info.plist; sourceTree = "<group>"; };
		C72084D0970EADC127D0E4E0 /* Pods-RxSwift_Sample2.debug.xcconfig */ = {isa = PBXFileReference; includeInIndex = 1; lastKnownFileType = text.xcconfig; name = "Pods-RxSwift_Sample2.debug.xcconfig"; path = "Pods/Target Support Files/Pods-RxSwift_Sample2/Pods-RxSwift_Sample2.debug.xcconfig"; sourceTree = "<group>"; };
		FE1B9BB0B7AF6BB4CC4B72F7 /* Pods-RxSwift_Sample2.release.xcconfig */ = {isa = PBXFileReference; includeInIndex = 1; lastKnownFileType = text.xcconfig; name = "Pods-RxSwift_Sample2.release.xcconfig"; path = "Pods/Target Support Files/Pods-RxSwift_Sample2/Pods-RxSwift_Sample2.release.xcconfig"; sourceTree = "<group>"; };
/* End PBXFileReference section */

/* Begin PBXFrameworksBuildPhase section */
		A229CB301F51D79900D51C1B /* Frameworks */ = {
			isa = PBXFrameworksBuildPhase;
			buildActionMask = 2147483647;
			files = (
				1A06280D34B071F3522DAA20 /* Pods_RxSwift_Sample2.framework in Frameworks */,
			);
			runOnlyForDeploymentPostprocessing = 0;
		};
/* End PBXFrameworksBuildPhase section */

/* Begin PBXGroup section */
		A229CB2A1F51D79900D51C1B = {
			isa = PBXGroup;
			children = (
				A229CB351F51D79900D51C1B /* RxSwift_Sample2 */,
				A229CB341F51D79900D51C1B /* Products */,
				C04224CAAE14F640C28CC8F8 /* Pods */,
				DB9ADB7F48955199ED72F822 /* Frameworks */,
			);
			sourceTree = "<group>";
		};
		A229CB341F51D79900D51C1B /* Products */ = {
			isa = PBXGroup;
			children = (
				A229CB331F51D79900D51C1B /* RxSwift_Sample2.app */,
			);
			name = Products;
			sourceTree = "<group>";
		};
		A229CB351F51D79900D51C1B /* RxSwift_Sample2 */ = {
			isa = PBXGroup;
			children = (
				A229CB361F51D79900D51C1B /* AppDelegate.swift */,
				A229CB381F51D79900D51C1B /* ViewController.swift */,
				A229CB3A1F51D79900D51C1B /* Main.storyboard */,
				A229CB3D1F51D79900D51C1B /* Assets.xcassets */,
				A229CB3F1F51D79900D51C1B /* LaunchScreen.storyboard */,
				A229CB421F51D79900D51C1B /* Info.plist */,
			);
			path = RxSwift_Sample2;
			sourceTree = "<group>";
		};
		C04224CAAE14F640C28CC8F8 /* Pods */ = {
			isa = PBXGroup;
			children = (
				C72084D0970EADC127D0E4E0 /* Pods-RxSwift_Sample2.debug.xcconfig */,
				FE1B9BB0B7AF6BB4CC4B72F7 /* Pods-RxSwift_Sample2.release.xcconfig */,
			);
			name = Pods;
			sourceTree = "<group>";
		};
		DB9ADB7F48955199ED72F822 /* Frameworks */ = {
			isa = PBXGroup;
			children = (
				5E1E8A7147C901EFF3EB13A5 /* Pods_RxSwift_Sample2.framework */,
			);
			name = Frameworks;
			sourceTree = "<group>";
		};
/* End PBXGroup section */

/* Begin PBXNativeTarget section */
		A229CB321F51D79900D51C1B /* RxSwift_Sample2 */ = {
			isa = PBXNativeTarget;
			buildConfigurationList = A229CB451F51D79900D51C1B /* Build configuration list for PBXNativeTarget "RxSwift_Sample2" */;
			buildPhases = (
				908F0E590F97170B6B9DD6C8 /* [CP] Check Pods Manifest.lock */,
				A229CB2F1F51D79900D51C1B /* Sources */,
				A229CB301F51D79900D51C1B /* Frameworks */,
				A229CB311F51D79900D51C1B /* Resources */,
				98E2577375B04F8D38E27AA5 /* [CP] Embed Pods Frameworks */,
				1CA7596F6BD85F784B24594E /* [CP] Copy Pods Resources */,
			);
			buildRules = (
			);
			dependencies = (
			);
			name = RxSwift_Sample2;
			productName = RxSwift_Sample2;
			productReference = A229CB331F51D79900D51C1B /* RxSwift_Sample2.app */;
			productType = "com.apple.product-type.application";
		};
/* End PBXNativeTarget section */

/* Begin PBXProject section */
		A229CB2B1F51D79900D51C1B /* Project object */ = {
			isa = PBXProject;
			attributes = {
				LastSwiftUpdateCheck = 0830;
				LastUpgradeCheck = 0830;
				ORGANIZATIONNAME = "park kyung suk";
				TargetAttributes = {
					A229CB321F51D79900D51C1B = {
						CreatedOnToolsVersion = 8.3.3;
						DevelopmentTeam = 4NG4Y8JK7B;
						ProvisioningStyle = Automatic;
					};
				};
			};
			buildConfigurationList = A229CB2E1F51D79900D51C1B /* Build configuration list for PBXProject "RxSwift_Sample2" */;
			compatibilityVersion = "Xcode 3.2";
			developmentRegion = English;
			hasScannedForEncodings = 0;
			knownRegions = (
				en,
				Base,
			);
			mainGroup = A229CB2A1F51D79900D51C1B;
			productRefGroup = A229CB341F51D79900D51C1B /* Products */;
			projectDirPath = "";
			projectRoot = "";
			targets = (
				A229CB321F51D79900D51C1B /* RxSwift_Sample2 */,
			);
		};
/* End PBXProject section */

/* Begin PBXResourcesBuildPhase section */
		A229CB311F51D79900D51C1B /* Resources */ = {
			isa = PBXResourcesBuildPhase;
			buildActionMask = 2147483647;
			files = (
				A229CB411F51D79900D51C1B /* LaunchScreen.storyboard in Resources */,
				A229CB3E1F51D79900D51C1B /* Assets.xcassets in Resources */,
				A229CB3C1F51D79900D51C1B /* Main.storyboard in Resources */,
			);
			runOnlyForDeploymentPostprocessing = 0;
		};
/* End PBXResourcesBuildPhase section */

/* Begin PBXShellScriptBuildPhase section */
		1CA7596F6BD85F784B24594E /* [CP] Copy Pods Resources */ = {
			isa = PBXShellScriptBuildPhase;
			buildActionMask = 2147483647;
			files = (
			);
			inputPaths = (
			);
			name = "[CP] Copy Pods Resources";
			outputPaths = (
			);
			runOnlyForDeploymentPostprocessing = 0;
			shellPath = /bin/sh;
			shellScript = "\"${SRCROOT}/Pods/Target Support Files/Pods-RxSwift_Sample2/Pods-RxSwift_Sample2-resources.sh\"\n";
			showEnvVarsInLog = 0;
		};
		908F0E590F97170B6B9DD6C8 /* [CP] Check Pods Manifest.lock */ = {
			isa = PBXShellScriptBuildPhase;
			buildActionMask = 2147483647;
			files = (
			);
			inputPaths = (
			);
			name = "[CP] Check Pods Manifest.lock";
			outputPaths = (
			);
			runOnlyForDeploymentPostprocessing = 0;
			shellPath = /bin/sh;
			shellScript = "diff \"${PODS_PODFILE_DIR_PATH}/Podfile.lock\" \"${PODS_ROOT}/Manifest.lock\" > /dev/null\nif [ $? != 0 ] ; then\n    # print error to STDERR\n    echo \"error: The sandbox is not in sync with the Podfile.lock. Run 'pod install' or update your CocoaPods installation.\" >&2\n    exit 1\nfi\n";
			showEnvVarsInLog = 0;
		};
		98E2577375B04F8D38E27AA5 /* [CP] Embed Pods Frameworks */ = {
			isa = PBXShellScriptBuildPhase;
			buildActionMask = 2147483647;
			files = (
			);
			inputPaths = (
			);
			name = "[CP] Embed Pods Frameworks";
			outputPaths = (
			);
			runOnlyForDeploymentPostprocessing = 0;
			shellPath = /bin/sh;
			shellScript = "\"${SRCROOT}/Pods/Target Support Files/Pods-RxSwift_Sample2/Pods-RxSwift_Sample2-frameworks.sh\"\n";
			showEnvVarsInLog = 0;
		};
/* End PBXShellScriptBuildPhase section */

/* Begin PBXSourcesBuildPhase section */
		A229CB2F1F51D79900D51C1B /* Sources */ = {
			isa = PBXSourcesBuildPhase;
			buildActionMask = 2147483647;
			files = (
				A229CB391F51D79900D51C1B /* ViewController.swift in Sources */,
				A229CB371F51D79900D51C1B /* AppDelegate.swift in Sources */,
			);
			runOnlyForDeploymentPostprocessing = 0;
		};
/* End PBXSourcesBuildPhase section */

/* Begin PBXVariantGroup section */
		A229CB3A1F51D79900D51C1B /* Main.storyboard */ = {
			isa = PBXVariantGroup;
			children = (
				A229CB3B1F51D79900D51C1B /* Base */,
			);
			name = Main.storyboard;
			sourceTree = "<group>";
		};
		A229CB3F1F51D79900D51C1B /* LaunchScreen.storyboard */ = {
			isa = PBXVariantGroup;
			children = (
				A229CB401F51D79900D51C1B /* Base */,
			);
			name = LaunchScreen.storyboard;
			sourceTree = "<group>";
		};
/* End PBXVariantGroup section */

/* Begin XCBuildConfiguration section */
		A229CB431F51D79900D51C1B /* Debug */ = {
			isa = XCBuildConfiguration;
			buildSettings = {
				ALWAYS_SEARCH_USER_PATHS = NO;
				CLANG_ANALYZER_NONNULL = YES;
				CLANG_ANALYZER_NUMBER_OBJECT_CONVERSION = YES_AGGRESSIVE;
				CLANG_CXX_LANGUAGE_STANDARD = "gnu++0x";
				CLANG_CXX_LIBRARY = "libc++";
				CLANG_ENABLE_MODULES = YES;
				CLANG_ENABLE_OBJC_ARC = YES;
				CLANG_WARN_BOOL_CONVERSION = YES;
				CLANG_WARN_CONSTANT_CONVERSION = YES;
				CLANG_WARN_DIRECT_OBJC_ISA_USAGE = YES_ERROR;
				CLANG_WARN_DOCUMENTATION_COMMENTS = YES;
				CLANG_WARN_EMPTY_BODY = YES;
				CLANG_WARN_ENUM_CONVERSION = YES;
				CLANG_WARN_INFINITE_RECURSION = YES;
				CLANG_WARN_INT_CONVERSION = YES;
				CLANG_WARN_OBJC_ROOT_CLASS = YES_ERROR;
				CLANG_WARN_SUSPICIOUS_MOVE = YES;
				CLANG_WARN_UNREACHABLE_CODE = YES;
				CLANG_WARN__DUPLICATE_METHOD_MATCH = YES;
				"CODE_SIGN_IDENTITY[sdk=iphoneos*]" = "iPhone Developer";
				COPY_PHASE_STRIP = NO;
				DEBUG_INFORMATION_FORMAT = dwarf;
				ENABLE_STRICT_OBJC_MSGSEND = YES;
				ENABLE_TESTABILITY = YES;
				GCC_C_LANGUAGE_STANDARD = gnu99;
				GCC_DYNAMIC_NO_PIC = NO;
				GCC_NO_COMMON_BLOCKS = YES;
				GCC_OPTIMIZATION_LEVEL = 0;
				GCC_PREPROCESSOR_DEFINITIONS = (
					"DEBUG=1",
					"$(inherited)",
				);
				GCC_WARN_64_TO_32_BIT_CONVERSION = YES;
				GCC_WARN_ABOUT_RETURN_TYPE = YES_ERROR;
				GCC_WARN_UNDECLARED_SELECTOR = YES;
				GCC_WARN_UNINITIALIZED_AUTOS = YES_AGGRESSIVE;
				GCC_WARN_UNUSED_FUNCTION = YES;
				GCC_WARN_UNUSED_VARIABLE = YES;
				IPHONEOS_DEPLOYMENT_TARGET = 10.3;
				MTL_ENABLE_DEBUG_INFO = YES;
				ONLY_ACTIVE_ARCH = YES;
				SDKROOT = iphoneos;
				SWIFT_ACTIVE_COMPILATION_CONDITIONS = DEBUG;
				SWIFT_OPTIMIZATION_LEVEL = "-Onone";
				TARGETED_DEVICE_FAMILY = "1,2";
			};
			name = Debug;
		};
		A229CB441F51D79900D51C1B /* Release */ = {
			isa = XCBuildConfiguration;
			buildSettings = {
				ALWAYS_SEARCH_USER_PATHS = NO;
				CLANG_ANALYZER_NONNULL = YES;
				CLANG_ANALYZER_NUMBER_OBJECT_CONVERSION = YES_AGGRESSIVE;
				CLANG_CXX_LANGUAGE_STANDARD = "gnu++0x";
				CLANG_CXX_LIBRARY = "libc++";
				CLANG_ENABLE_MODULES = YES;
				CLANG_ENABLE_OBJC_ARC = YES;
				CLANG_WARN_BOOL_CONVERSION = YES;
				CLANG_WARN_CONSTANT_CONVERSION = YES;
				CLANG_WARN_DIRECT_OBJC_ISA_USAGE = YES_ERROR;
				CLANG_WARN_DOCUMENTATION_COMMENTS = YES;
				CLANG_WARN_EMPTY_BODY = YES;
				CLANG_WARN_ENUM_CONVERSION = YES;
				CLANG_WARN_INFINITE_RECURSION = YES;
				CLANG_WARN_INT_CONVERSION = YES;
				CLANG_WARN_OBJC_ROOT_CLASS = YES_ERROR;
				CLANG_WARN_SUSPICIOUS_MOVE = YES;
				CLANG_WARN_UNREACHABLE_CODE = YES;
				CLANG_WARN__DUPLICATE_METHOD_MATCH = YES;
				"CODE_SIGN_IDENTITY[sdk=iphoneos*]" = "iPhone Developer";
				COPY_PHASE_STRIP = NO;
				DEBUG_INFORMATION_FORMAT = "dwarf-with-dsym";
				ENABLE_NS_ASSERTIONS = NO;
				ENABLE_STRICT_OBJC_MSGSEND = YES;
				GCC_C_LANGUAGE_STANDARD = gnu99;
				GCC_NO_COMMON_BLOCKS = YES;
				GCC_WARN_64_TO_32_BIT_CONVERSION = YES;
				GCC_WARN_ABOUT_RETURN_TYPE = YES_ERROR;
				GCC_WARN_UNDECLARED_SELECTOR = YES;
				GCC_WARN_UNINITIALIZED_AUTOS = YES_AGGRESSIVE;
				GCC_WARN_UNUSED_FUNCTION = YES;
				GCC_WARN_UNUSED_VARIABLE = YES;
				IPHONEOS_DEPLOYMENT_TARGET = 10.3;
				MTL_ENABLE_DEBUG_INFO = NO;
				SDKROOT = iphoneos;
				SWIFT_OPTIMIZATION_LEVEL = "-Owholemodule";
				TARGETED_DEVICE_FAMILY = "1,2";
				VALIDATE_PRODUCT = YES;
			};
			name = Release;
		};
		A229CB461F51D79900D51C1B /* Debug */ = {
			isa = XCBuildConfiguration;
			baseConfigurationReference = C72084D0970EADC127D0E4E0 /* Pods-RxSwift_Sample2.debug.xcconfig */;
			buildSettings = {
				ASSETCATALOG_COMPILER_APPICON_NAME = AppIcon;
				DEVELOPMENT_TEAM = 4NG4Y8JK7B;
				INFOPLIST_FILE = RxSwift_Sample2/Info.plist;
				LD_RUNPATH_SEARCH_PATHS = "$(inherited) @executable_path/Frameworks";
				PRODUCT_BUNDLE_IDENTIFIER = "ninimepaku.RxSwift-Sample2";
				PRODUCT_NAME = "$(TARGET_NAME)";
				SWIFT_VERSION = 3.0;
			};
			name = Debug;
		};
		A229CB471F51D79900D51C1B /* Release */ = {
			isa = XCBuildConfiguration;
			baseConfigurationReference = FE1B9BB0B7AF6BB4CC4B72F7 /* Pods-RxSwift_Sample2.release.xcconfig */;
			buildSettings = {
				ASSETCATALOG_COMPILER_APPICON_NAME = AppIcon;
				DEVELOPMENT_TEAM = 4NG4Y8JK7B;
				INFOPLIST_FILE = RxSwift_Sample2/Info.plist;
				LD_RUNPATH_SEARCH_PATHS = "$(inherited) @executable_path/Frameworks";
				PRODUCT_BUNDLE_IDENTIFIER = "ninimepaku.RxSwift-Sample2";
				PRODUCT_NAME = "$(TARGET_NAME)";
				SWIFT_VERSION = 3.0;
			};
			name = Release;
		};
/* End XCBuildConfiguration section */

/* Begin XCConfigurationList section */
		A229CB2E1F51D79900D51C1B /* Build configuration list for PBXProject "RxSwift_Sample2" */ = {
			isa = XCConfigurationList;
			buildConfigurations = (
				A229CB431F51D79900D51C1B /* Debug */,
				A229CB441F51D79900D51C1B /* Release */,
			);
			defaultConfigurationIsVisible = 0;
			defaultConfigurationName = Release;
		};
		A229CB451F51D79900D51C1B /* Build configuration list for PBXNativeTarget "RxSwift_Sample2" */ = {
			isa = XCConfigurationList;
			buildConfigurations = (
				A229CB461F51D79900D51C1B /* Debug */,
				A229CB471F51D79900D51C1B /* Release */,
			);
			defaultConfigurationIsVisible = 0;
		};
/* End XCConfigurationList section */
	};
	rootObject = A229CB2B1F51D79900D51C1B /* Project object */;
}
